{
  "version": "5",
  "specifiers": {
    "jsr:@dldc/css-builder@^1.5.0": "1.5.0",
    "jsr:@dldc/erreur@^7.1.1": "7.1.1",
    "jsr:@dldc/hono-ui@^1.13.0": "1.13.0",
    "jsr:@dldc/pubsub@^7.1.0": "7.1.0",
    "jsr:@hono/hono@^4.12.14": "4.12.18",
    "jsr:@hono/hono@^4.12.15": "4.12.18",
    "jsr:@hono/hono@^4.8.3": "4.12.18",
    "jsr:@hono/standard-validator@~0.2.2": "0.2.2",
    "jsr:@standard-schema/spec@1": "1.0.0",
    "jsr:@std/assert@^1.0.19": "1.0.19",
    "jsr:@std/expect@^1.0.19": "1.0.19",
    "jsr:@std/internal@^1.0.12": "1.0.13",
    "jsr:@std/internal@^1.0.13": "1.0.13",
    "jsr:@std/path@^1.1.4": "1.1.4",
    "jsr:@valibot/valibot@^1.4.0": "1.4.0",
    "npm:@opentelemetry/api@^1.9.1": "1.9.1",
    "npm:lucide-static@^1.14.0": "1.14.0",
    "npm:type-fest@^5.6.0": "5.6.0"
  },
  "jsr": {
    "@dldc/css-builder@1.5.0": {
      "integrity": "2e70b80abb55e2d594f2093046ed7ff17fb836da8f380007b9347043286a944f"
    },
    "@dldc/erreur@7.1.1": {
      "integrity": "9ba954ae0654e4ed003959c77aaa009fdf6c64f60bf4cfec33b134556ab0d6da"
    },
    "@dldc/hono-ui@1.13.0": {
      "integrity": "17f45dccb2270694c7b558dddbc5785d0f8e9f1529bd132cf6b3c81bca1b3eb8",
      "dependencies": [
        "jsr:@dldc/css-builder",
        "jsr:@dldc/hono-ui",
        "jsr:@hono/hono@^4.12.14",
        "npm:type-fest"
      ]
    },
    "@dldc/pubsub@7.1.0": {
      "integrity": "2e1d8684c622a48e14cedc40a82ff54f5bf91bc64f4545c2bde27a23e956ad7f",
      "dependencies": [
        "jsr:@dldc/erreur"
      ]
    },
    "@hono/hono@4.12.18": {
      "integrity": "854fd0628abd7703a1583807f1ae8f99399604b9452b6a2a777fd3e097977b8c"
    },
    "@hono/standard-validator@0.2.2": {
      "integrity": "bc94e1ab41d677a571cb6dd5012823f1162b9856ca24dfd60233734824bb0b0c",
      "dependencies": [
        "jsr:@hono/hono@^4.8.3",
        "jsr:@standard-schema/spec"
      ]
    },
    "@standard-schema/spec@1.0.0": {
      "integrity": "4f20bbcf34e92b92f8c01589b958abc7c87385fa9a96170cecdc643d4d5737c0"
    },
    "@std/assert@1.0.19": {
      "integrity": "eaada96ee120cb980bc47e040f82814d786fe8162ecc53c91d8df60b8755991e",
      "dependencies": [
        "jsr:@std/internal@^1.0.12"
      ]
    },
    "@std/expect@1.0.19": {
      "integrity": "25271785688c7ff902fa54875d6aa4001f552c5578f7f0fefb5b5aac1fc2ed8a",
      "dependencies": [
        "jsr:@std/assert",
        "jsr:@std/internal@^1.0.13",
        "jsr:@std/path"
      ]
    },
    "@std/internal@1.0.13": {
      "integrity": "2f9546691d4ac2d32859c82dff284aaeac980ddeca38430d07941e7e288725c0"
    },
    "@std/path@1.1.4": {
      "integrity": "1d2d43f39efb1b42f0b1882a25486647cb851481862dc7313390b2bb044314b5",
      "dependencies": [
        "jsr:@std/internal@^1.0.12"
      ]
    },
    "@valibot/valibot@1.4.0": {
      "integrity": "3ff610571ed279b5e0cd03476664c37701f83657b9de0dfc3c8d3061af342707"
    }
  },
  "npm": {
    "@opentelemetry/api@1.9.1": {
      "integrity": "sha512-gLyJlPHPZYdAk1JENA9LeHejZe1Ti77/pTeFm/nMXmQH/HFZlcS/O2XJB+L8fkbrNSqhdtlvjBVjxwUYanNH5Q=="
    },
    "lucide-static@1.14.0": {
      "integrity": "sha512-QnAHXC1nk8IXRBmO5ee9JcPiKEVeqf06tKF0bZipxlV++bwUVqvvliC3KA+beDg2lod+WXYIhHde5pQRHkUmqA=="
    },
    "tagged-tag@1.0.0": {
      "integrity": "sha512-yEFYrVhod+hdNyx7g5Bnkkb0G6si8HJurOoOEgC8B/O0uXLHlaey/65KRv6cuWBNhBgHKAROVpc7QyYqE5gFng=="
    },
    "type-fest@5.6.0": {
      "integrity": "sha512-8ZiHFm91orbSAe2PSAiSVBVko18pbhbiB3U9GglSzF/zCGkR+rxpHx6sEMCUm4kxY4LjDIUGgCfUMtwfZfjfUA==",
      "dependencies": [
        "tagged-tag"
      ]
    }
  },
  "workspace": {
    "dependencies": [
      "jsr:@dldc/hono-ui@^1.13.0",
      "jsr:@dldc/pubsub@^7.1.0",
      "jsr:@hono/hono@^4.12.14",
      "jsr:@hono/hono@^4.12.15",
      "jsr:@hono/standard-validator@~0.2.2",
      "jsr:@std/expect@^1.0.19",
      "jsr:@std/path@^1.1.4",
      "jsr:@valibot/valibot@^1.4.0",
      "npm:@opentelemetry/api@^1.9.1",
      "npm:lucide-static@^1.14.0"
    ]
  }
}
